
Microsoft Visual Studio Solution File, Format Version 12.00
# Visual Studio Version 17
VisualStudioVersion = 17.7.34302.85
MinimumVisualStudioVersion = 10.0.40219.1
Project("{9A19103F-16F7-4668-BE54-9A1E7A4F7556}") = "CalculationQueue.Caller", "CalculationQueue.Manager\CalculationQueue.Caller.csproj", "{7354B918-A191-4433-B98B-0E8A26250EE5}"
EndProject
Project("{FAE04EC0-301F-11D3-BF4B-00C04F79EFBC}") = "Queue.Manager", "Queue.Manager\Queue.Manager.csproj", "{8D9174E3-AF63-4313-A617-511F4B87B278}"
EndProject
Project("{FAE04EC0-301F-11D3-BF4B-00C04F79EFBC}") = "Queue.Manager.Test", "Queue.Manager.Test\Queue.Manager.Test.csproj", "{D2167B5F-EBB7-42A7-A93E-ED3F9E92DAFD}"
EndProject
Global
	GlobalSection(SolutionConfigurationPlatforms) = preSolution
		Debug|Any CPU = Debug|Any CPU
		Release|Any CPU = Release|Any CPU
	EndGlobalSection
	GlobalSection(ProjectConfigurationPlatforms) = postSolution
		{7354B918-A191-4433-B98B-0E8A26250EE5}.Debug|Any CPU.ActiveCfg = Debug|Any CPU
		{7354B918-A191-4433-B98B-0E8A26250EE5}.Debug|Any CPU.Build.0 = Debug|Any CPU
		{7354B918-A191-4433-B98B-0E8A26250EE5}.Release|Any CPU.ActiveCfg = Release|Any CPU
		{7354B918-A191-4433-B98B-0E8A26250EE5}.Release|Any CPU.Build.0 = Release|Any CPU
		{8D9174E3-AF63-4313-A617-511F4B87B278}.Debug|Any CPU.ActiveCfg = Debug|Any CPU
		{8D9174E3-AF63-4313-A617-511F4B87B278}.Debug|Any CPU.Build.0 = Debug|Any CPU
		{8D9174E3-AF63-4313-A617-511F4B87B278}.Release|Any CPU.ActiveCfg = Release|Any CPU
		{8D9174E3-AF63-4313-A617-511F4B87B278}.Release|Any CPU.Build.0 = Release|Any CPU
		{D2167B5F-EBB7-42A7-A93E-ED3F9E92DAFD}.Debug|Any CPU.ActiveCfg = Debug|Any CPU
		{D2167B5F-EBB7-42A7-A93E-ED3F9E92DAFD}.Debug|Any CPU.Build.0 = Debug|Any CPU
		{D2167B5F-EBB7-42A7-A93E-ED3F9E92DAFD}.Release|Any CPU.ActiveCfg = Release|Any CPU
		{D2167B5F-EBB7-42A7-A93E-ED3F9E92DAFD}.Release|Any CPU.Build.0 = Release|Any CPU
	EndGlobalSection
	GlobalSection(SolutionProperties) = preSolution
		HideSolutionNode = FALSE
	EndGlobalSection
	GlobalSection(ExtensibilityGlobals) = postSolution
		SolutionGuid = {2B9C9F50-7D93-4A79-B558-271F6987A014}
	EndGlobalSection
EndGlobal
